// !$*UTF8*$!
{
	archiveVersion = 1;
	classes = {
	};
	objectVersion = 48;
	objects = {

/* Begin PBXBuildFile section */
		5A08F61D2082B6F300E7FEAB /* movies.swift in Sources */ = {isa = PBXBuildFile; fileRef = 5A08F61C2082B6F300E7FEAB /* movies.swift */; };
		5A30628D205B019600B49000 /* AppDelegate.swift in Sources */ = {isa = PBXBuildFile; fileRef = 5A30628C205B019600B49000 /* AppDelegate.swift */; };
		5A30628F205B019600B49000 /* ViewController.swift in Sources */ = {isa = PBXBuildFile; fileRef = 5A30628E205B019600B49000 /* ViewController.swift */; };
		5A306292205B019600B49000 /* Main.storyboard in Resources */ = {isa = PBXBuildFile; fileRef = 5A306290205B019600B49000 /* Main.storyboard */; };
		5A306294205B019600B49000 /* Assets.xcassets in Resources */ = {isa = PBXBuildFile; fileRef = 5A306293205B019600B49000 /* Assets.xcassets */; };
		5A306297205B019600B49000 /* LaunchScreen.storyboard in Resources */ = {isa = PBXBuildFile; fileRef = 5A306295205B019600B49000 /* LaunchScreen.storyboard */; };
		5A3062A2205B06E800B49000 /* SWRevealViewController.m in Sources */ = {isa = PBXBuildFile; fileRef = 5A3062A1205B06E800B49000 /* SWRevealViewController.m */; };
		5A3062A8205B0B5900B49000 /* HomeVC.swift in Sources */ = {isa = PBXBuildFile; fileRef = 5A3062A7205B0B5900B49000 /* HomeVC.swift */; };
		5A3062AA205B0B6700B49000 /* ChannelVC.swift in Sources */ = {isa = PBXBuildFile; fileRef = 5A3062A9205B0B6700B49000 /* ChannelVC.swift */; };
		5A3062AC205B2B0F00B49000 /* GradientView.swift in Sources */ = {isa = PBXBuildFile; fileRef = 5A3062AB205B2B0F00B49000 /* GradientView.swift */; };
		5A3062AE205B797A00B49000 /* ImageCollectionViewCell.swift in Sources */ = {isa = PBXBuildFile; fileRef = 5A3062AD205B797A00B49000 /* ImageCollectionViewCell.swift */; };
		5A737A842070921B00E0CC3E /* MovieVC.swift in Sources */ = {isa = PBXBuildFile; fileRef = 5A737A832070921B00E0CC3E /* MovieVC.swift */; };
		5A7EB2B620885FF300134CC1 /* GoogleService-Info.plist in Resources */ = {isa = PBXBuildFile; fileRef = 5A7EB2B520885FF200134CC1 /* GoogleService-Info.plist */; };
		5A9FEECB2084343D00D74AE3 /* SignInViewController.swift in Sources */ = {isa = PBXBuildFile; fileRef = 5A9FEECA2084343D00D74AE3 /* SignInViewController.swift */; };
		5A9FEECD20843E9900D74AE3 /* NewUserVC.swift in Sources */ = {isa = PBXBuildFile; fileRef = 5A9FEECC20843E9900D74AE3 /* NewUserVC.swift */; };
		B7BF1A3B9E0658F3EE63ABB2 /* Pods_project.framework in Frameworks */ = {isa = PBXBuildFile; fileRef = E34741F0AD47B71C707B8644 /* Pods_project.framework */; };
/* End PBXBuildFile section */

/* Begin PBXFileReference section */
		2B38AE4901944B66C081388E /* Pods-project.debug.xcconfig */ = {isa = PBXFileReference; includeInIndex = 1; lastKnownFileType = text.xcconfig; name = "Pods-project.debug.xcconfig"; path = "Pods/Target Support Files/Pods-project/Pods-project.debug.xcconfig"; sourceTree = "<group>"; };
		592E323E7003DAF7EA981283 /* Pods-project.release.xcconfig */ = {isa = PBXFileReference; includeInIndex = 1; lastKnownFileType = text.xcconfig; name = "Pods-project.release.xcconfig"; path = "Pods/Target Support Files/Pods-project/Pods-project.release.xcconfig"; sourceTree = "<group>"; };
		5A08F61C2082B6F300E7FEAB /* movies.swift */ = {isa = PBXFileReference; lastKnownFileType = sourcecode.swift; path = movies.swift; sourceTree = "<group>"; };
		5A306289205B019600B49000 /* project.app */ = {isa = PBXFileReference; explicitFileType = wrapper.application; includeInIndex = 0; path = project.app; sourceTree = BUILT_PRODUCTS_DIR; };
		5A30628C205B019600B49000 /* AppDelegate.swift */ = {isa = PBXFileReference; lastKnownFileType = sourcecode.swift; path = AppDelegate.swift; sourceTree = "<group>"; };
		5A30628E205B019600B49000 /* ViewController.swift */ = {isa = PBXFileReference; lastKnownFileType = sourcecode.swift; path = ViewController.swift; sourceTree = "<group>"; };
		5A306291205B019600B49000 /* Base */ = {isa = PBXFileReference; lastKnownFileType = file.storyboard; name = Base; path = Base.lproj/Main.storyboard; sourceTree = "<group>"; };
		5A306293205B019600B49000 /* Assets.xcassets */ = {isa = PBXFileReference; lastKnownFileType = folder.assetcatalog; path = Assets.xcassets; sourceTree = "<group>"; };
		5A306296205B019600B49000 /* Base */ = {isa = PBXFileReference; lastKnownFileType = file.storyboard; name = Base; path = Base.lproj/LaunchScreen.storyboard; sourceTree = "<group>"; };
		5A306298205B019600B49000 /* Info.plist */ = {isa = PBXFileReference; lastKnownFileType = text.plist.xml; path = Info.plist; sourceTree = "<group>"; };
		5A30629F205B06E700B49000 /* project-Bridging-Header.h */ = {isa = PBXFileReference; lastKnownFileType = sourcecode.c.h; path = "project-Bridging-Header.h"; sourceTree = "<group>"; };
		5A3062A0205B06E800B49000 /* SWRevealViewController.h */ = {isa = PBXFileReference; fileEncoding = 4; lastKnownFileType = sourcecode.c.h; path = SWRevealViewController.h; sourceTree = "<group>"; };
		5A3062A1205B06E800B49000 /* SWRevealViewController.m */ = {isa = PBXFileReference; fileEncoding = 4; lastKnownFileType = sourcecode.c.objc; path = SWRevealViewController.m; sourceTree = "<group>"; };
		5A3062A7205B0B5900B49000 /* HomeVC.swift */ = {isa = PBXFileReference; lastKnownFileType = sourcecode.swift; path = HomeVC.swift; sourceTree = "<group>"; };
		5A3062A9205B0B6700B49000 /* ChannelVC.swift */ = {isa = PBXFileReference; lastKnownFileType = sourcecode.swift; path = ChannelVC.swift; sourceTree = "<group>"; };
		5A3062AB205B2B0F00B49000 /* GradientView.swift */ = {isa = PBXFileReference; lastKnownFileType = sourcecode.swift; path = GradientView.swift; sourceTree = "<group>"; };
		5A3062AD205B797A00B49000 /* ImageCollectionViewCell.swift */ = {isa = PBXFileReference; lastKnownFileType = sourcecode.swift; path = ImageCollectionViewCell.swift; sourceTree = "<group>"; };
		5A737A832070921B00E0CC3E /* MovieVC.swift */ = {isa = PBXFileReference; lastKnownFileType = sourcecode.swift; path = MovieVC.swift; sourceTree = "<group>"; };
		5A7EB2B520885FF200134CC1 /* GoogleService-Info.plist */ = {isa = PBXFileReference; fileEncoding = 4; lastKnownFileType = text.plist.xml; path = "GoogleService-Info.plist"; sourceTree = "<group>"; };
		5A9FEECA2084343D00D74AE3 /* SignInViewController.swift */ = {isa = PBXFileReference; lastKnownFileType = sourcecode.swift; path = SignInViewController.swift; sourceTree = "<group>"; };
		5A9FEECC20843E9900D74AE3 /* NewUserVC.swift */ = {isa = PBXFileReference; lastKnownFileType = sourcecode.swift; path = NewUserVC.swift; sourceTree = "<group>"; };
		E34741F0AD47B71C707B8644 /* Pods_project.framework */ = {isa = PBXFileReference; explicitFileType = wrapper.framework; includeInIndex = 0; path = Pods_project.framework; sourceTree = BUILT_PRODUCTS_DIR; };
/* End PBXFileReference section */

/* Begin PBXFrameworksBuildPhase section */
		5A306286205B019600B49000 /* Frameworks */ = {
			isa = PBXFrameworksBuildPhase;
			buildActionMask = 2147483647;
			files = (
				B7BF1A3B9E0658F3EE63ABB2 /* Pods_project.framework in Frameworks */,
			);
			runOnlyForDeploymentPostprocessing = 0;
		};
/* End PBXFrameworksBuildPhase section */

/* Begin PBXGroup section */
		3F3DBFBB5322D9420B596580 /* Pods */ = {
			isa = PBXGroup;
			children = (
				2B38AE4901944B66C081388E /* Pods-project.debug.xcconfig */,
				592E323E7003DAF7EA981283 /* Pods-project.release.xcconfig */,
			);
			name = Pods;
			sourceTree = "<group>";
		};
		5A306280205B019600B49000 = {
			isa = PBXGroup;
			children = (
				5A30628B205B019600B49000 /* project */,
				5A30628A205B019600B49000 /* Products */,
				3F3DBFBB5322D9420B596580 /* Pods */,
				8D025EEBB1CB76DA468DC229 /* Frameworks */,
			);
			sourceTree = "<group>";
		};
		5A30628A205B019600B49000 /* Products */ = {
			isa = PBXGroup;
			children = (
				5A306289205B019600B49000 /* project.app */,
			);
			name = Products;
			sourceTree = "<group>";
		};
		5A30628B205B019600B49000 /* project */ = {
			isa = PBXGroup;
			children = (
				5A3062A6205B0AD800B49000 /* Model */,
				5A3062A4205B0ABF00B49000 /* View */,
				5A3062A3205B0AB800B49000 /* Controller */,
				5A30629E205B06A300B49000 /* Supporting Files */,
				5A30628C205B019600B49000 /* AppDelegate.swift */,
				5A30628E205B019600B49000 /* ViewController.swift */,
				5A306290205B019600B49000 /* Main.storyboard */,
				5A306293205B019600B49000 /* Assets.xcassets */,
				5A306295205B019600B49000 /* LaunchScreen.storyboard */,
				5A306298205B019600B49000 /* Info.plist */,
				5A7EB2B520885FF200134CC1 /* GoogleService-Info.plist */,
			);
			path = project;
			sourceTree = "<group>";
		};
		5A30629E205B06A300B49000 /* Supporting Files */ = {
			isa = PBXGroup;
			children = (
				5A3062A0205B06E800B49000 /* SWRevealViewController.h */,
				5A3062A1205B06E800B49000 /* SWRevealViewController.m */,
				5A30629F205B06E700B49000 /* project-Bridging-Header.h */,
			);
			path = "Supporting Files";
			sourceTree = "<group>";
		};
		5A3062A3205B0AB800B49000 /* Controller */ = {
			isa = PBXGroup;
			children = (
				5A3062A7205B0B5900B49000 /* HomeVC.swift */,
				5A3062A9205B0B6700B49000 /* ChannelVC.swift */,
				5A737A832070921B00E0CC3E /* MovieVC.swift */,
				5A9FEECA2084343D00D74AE3 /* SignInViewController.swift */,
				5A9FEECC20843E9900D74AE3 /* NewUserVC.swift */,
			);
			path = Controller;
			sourceTree = "<group>";
		};
		5A3062A4205B0ABF00B49000 /* View */ = {
			isa = PBXGroup;
			children = (
				5A3062AB205B2B0F00B49000 /* GradientView.swift */,
				5A3062AD205B797A00B49000 /* ImageCollectionViewCell.swift */,
			);
			path = View;
			sourceTree = "<group>";
		};
		5A3062A6205B0AD800B49000 /* Model */ = {
			isa = PBXGroup;
			children = (
				5A08F61C2082B6F300E7FEAB /* movies.swift */,
			);
			path = Model;
			sourceTree = "<group>";
		};
		8D025EEBB1CB76DA468DC229 /* Frameworks */ = {
			isa = PBXGroup;
			children = (
				E34741F0AD47B71C707B8644 /* Pods_project.framework */,
			);
			name = Frameworks;
			sourceTree = "<group>";
		};
/* End PBXGroup section */

/* Begin PBXNativeTarget section */
		5A306288205B019600B49000 /* project */ = {
			isa = PBXNativeTarget;
			buildConfigurationList = 5A30629B205B019600B49000 /* Build configuration list for PBXNativeTarget "project" */;
			buildPhases = (
				6CB57158993527AA4B83BFE8 /* [CP] Check Pods Manifest.lock */,
				5A306285205B019600B49000 /* Sources */,
				5A306286205B019600B49000 /* Frameworks */,
				5A306287205B019600B49000 /* Resources */,
				CB474AAAEBDC7BC74BBCC9C9 /* [CP] Embed Pods Frameworks */,
				E54B37927C89D054A805EFCA /* [CP] Copy Pods Resources */,
			);
			buildRules = (
			);
			dependencies = (
			);
			name = project;
			productName = project;
			productReference = 5A306289205B019600B49000 /* project.app */;
			productType = "com.apple.product-type.application";
		};
/* End PBXNativeTarget section */

/* Begin PBXProject section */
		5A306281205B019600B49000 /* Project object */ = {
			isa = PBXProject;
			attributes = {
				LastSwiftUpdateCheck = 0920;
				LastUpgradeCheck = 0920;
				ORGANIZATIONNAME = Laksh;
				TargetAttributes = {
					5A306288205B019600B49000 = {
						CreatedOnToolsVersion = 9.2;
						LastSwiftMigration = 0920;
						ProvisioningStyle = Automatic;
					};
				};
			};
			buildConfigurationList = 5A306284205B019600B49000 /* Build configuration list for PBXProject "project" */;
			compatibilityVersion = "Xcode 8.0";
			developmentRegion = en;
			hasScannedForEncodings = 0;
			knownRegions = (
				en,
				Base,
			);
			mainGroup = 5A306280205B019600B49000;
			productRefGroup = 5A30628A205B019600B49000 /* Products */;
			projectDirPath = "";
			projectRoot = "";
			targets = (
				5A306288205B019600B49000 /* project */,
			);
		};
/* End PBXProject section */

/* Begin PBXResourcesBuildPhase section */
		5A306287205B019600B49000 /* Resources */ = {
			isa = PBXResourcesBuildPhase;
			buildActionMask = 2147483647;
			files = (
				5A306297205B019600B49000 /* LaunchScreen.storyboard in Resources */,
				5A7EB2B620885FF300134CC1 /* GoogleService-Info.plist in Resources */,
				5A306294205B019600B49000 /* Assets.xcassets in Resources */,
				5A306292205B019600B49000 /* Main.storyboard in Resources */,
			);
			runOnlyForDeploymentPostprocessing = 0;
		};
/* End PBXResourcesBuildPhase section */

/* Begin PBXShellScriptBuildPhase section */
		6CB57158993527AA4B83BFE8 /* [CP] Check Pods Manifest.lock */ = {
			isa = PBXShellScriptBuildPhase;
			buildActionMask = 2147483647;
			files = (
			);
			inputPaths = (
			);
			name = "[CP] Check Pods Manifest.lock";
			outputPaths = (
			);
			runOnlyForDeploymentPostprocessing = 0;
			shellPath = /bin/sh;
			shellScript = "diff \"${PODS_ROOT}/../Podfile.lock\" \"${PODS_ROOT}/Manifest.lock\" > /dev/null\nif [ $? != 0 ] ; then\n    # print error to STDERR\n    echo \"error: The sandbox is not in sync with the Podfile.lock. Run 'pod install' or update your CocoaPods installation.\" >&2\n    exit 1\nfi\n";
			showEnvVarsInLog = 0;
		};
		CB474AAAEBDC7BC74BBCC9C9 /* [CP] Embed Pods Frameworks */ = {
			isa = PBXShellScriptBuildPhase;
			buildActionMask = 2147483647;
			files = (
			);
			inputPaths = (
			);
			name = "[CP] Embed Pods Frameworks";
			outputPaths = (
			);
			runOnlyForDeploymentPostprocessing = 0;
			shellPath = /bin/sh;
			shellScript = "\"${SRCROOT}/Pods/Target Support Files/Pods-project/Pods-project-frameworks.sh\"\n";
			showEnvVarsInLog = 0;
		};
		E54B37927C89D054A805EFCA /* [CP] Copy Pods Resources */ = {
			isa = PBXShellScriptBuildPhase;
			buildActionMask = 2147483647;
			files = (
			);
			inputPaths = (
			);
			name = "[CP] Copy Pods Resources";
			outputPaths = (
			);
			runOnlyForDeploymentPostprocessing = 0;
			shellPath = /bin/sh;
			shellScript = "\"${SRCROOT}/Pods/Target Support Files/Pods-project/Pods-project-resources.sh\"\n";
			showEnvVarsInLog = 0;
		};
/* End PBXShellScriptBuildPhase section */

/* Begin PBXSourcesBuildPhase section */
		5A306285205B019600B49000 /* Sources */ = {
			isa = PBXSourcesBuildPhase;
			buildActionMask = 2147483647;
			files = (
				5A08F61D2082B6F300E7FEAB /* movies.swift in Sources */,
				5A30628F205B019600B49000 /* ViewController.swift in Sources */,
				5A737A842070921B00E0CC3E /* MovieVC.swift in Sources */,
				5A3062A8205B0B5900B49000 /* HomeVC.swift in Sources */,
				5A3062AC205B2B0F00B49000 /* GradientView.swift in Sources */,
				5A3062AE205B797A00B49000 /* ImageCollectionViewCell.swift in Sources */,
				5A30628D205B019600B49000 /* AppDelegate.swift in Sources */,
				5A9FEECD20843E9900D74AE3 /* NewUserVC.swift in Sources */,
				5A3062A2205B06E800B49000 /* SWRevealViewController.m in Sources */,
				5A9FEECB2084343D00D74AE3 /* SignInViewController.swift in Sources */,
				5A3062AA205B0B6700B49000 /* ChannelVC.swift in Sources */,
			);
			runOnlyForDeploymentPostprocessing = 0;
		};
/* End PBXSourcesBuildPhase section */

/* Begin PBXVariantGroup section */
		5A306290205B019600B49000 /* Main.storyboard */ = {
			isa = PBXVariantGroup;
			children = (
				5A306291205B019600B49000 /* Base */,
			);
			name = Main.storyboard;
			sourceTree = "<group>";
		};
		5A306295205B019600B49000 /* LaunchScreen.storyboard */ = {
			isa = PBXVariantGroup;
			children = (
				5A306296205B019600B49000 /* Base */,
			);
			name = LaunchScreen.storyboard;
			sourceTree = "<group>";
		};
/* End PBXVariantGroup section */

/* Begin XCBuildConfiguration section */
		5A306299205B019600B49000 /* Debug */ = {
			isa = XCBuildConfiguration;
			buildSettings = {
				ALWAYS_SEARCH_USER_PATHS = NO;
				CLANG_ANALYZER_NONNULL = YES;
				CLANG_ANALYZER_NUMBER_OBJECT_CONVERSION = YES_AGGRESSIVE;
				CLANG_CXX_LANGUAGE_STANDARD = "gnu++14";
				CLANG_CXX_LIBRARY = "libc++";
				CLANG_ENABLE_MODULES = YES;
				CLANG_ENABLE_OBJC_ARC = YES;
				CLANG_WARN_BLOCK_CAPTURE_AUTORELEASING = YES;
				CLANG_WARN_BOOL_CONVERSION = YES;
				CLANG_WARN_COMMA = YES;
				CLANG_WARN_CONSTANT_CONVERSION = YES;
				CLANG_WARN_DIRECT_OBJC_ISA_USAGE = YES_ERROR;
				CLANG_WARN_DOCUMENTATION_COMMENTS = YES;
				CLANG_WARN_EMPTY_BODY = YES;
				CLANG_WARN_ENUM_CONVERSION = YES;
				CLANG_WARN_INFINITE_RECURSION = YES;
				CLANG_WARN_INT_CONVERSION = YES;
				CLANG_WARN_NON_LITERAL_NULL_CONVERSION = YES;
				CLANG_WARN_OBJC_LITERAL_CONVERSION = YES;
				CLANG_WARN_OBJC_ROOT_CLASS = YES_ERROR;
				CLANG_WARN_RANGE_LOOP_ANALYSIS = YES;
				CLANG_WARN_STRICT_PROTOTYPES = YES;
				CLANG_WARN_SUSPICIOUS_MOVE = YES;
				CLANG_WARN_UNGUARDED_AVAILABILITY = YES_AGGRESSIVE;
				CLANG_WARN_UNREACHABLE_CODE = YES;
				CLANG_WARN__DUPLICATE_METHOD_MATCH = YES;
				CODE_SIGN_IDENTITY = "iPhone Developer";
				COPY_PHASE_STRIP = NO;
				DEBUG_INFORMATION_FORMAT = dwarf;
				ENABLE_STRICT_OBJC_MSGSEND = YES;
				ENABLE_TESTABILITY = YES;
				GCC_C_LANGUAGE_STANDARD = gnu11;
				GCC_DYNAMIC_NO_PIC = NO;
				GCC_NO_COMMON_BLOCKS = YES;
				GCC_OPTIMIZATION_LEVEL = 0;
				GCC_PREPROCESSOR_DEFINITIONS = (
					"DEBUG=1",
					"$(inherited)",
				);
				GCC_WARN_64_TO_32_BIT_CONVERSION = YES;
				GCC_WARN_ABOUT_RETURN_TYPE = YES_ERROR;
				GCC_WARN_UNDECLARED_SELECTOR = YES;
				GCC_WARN_UNINITIALIZED_AUTOS = YES_AGGRESSIVE;
				GCC_WARN_UNUSED_FUNCTION = YES;
				GCC_WARN_UNUSED_VARIABLE = YES;
				IPHONEOS_DEPLOYMENT_TARGET = 11.2;
				MTL_ENABLE_DEBUG_INFO = YES;
				ONLY_ACTIVE_ARCH = YES;
				SDKROOT = iphoneos;
				SWIFT_ACTIVE_COMPILATION_CONDITIONS = DEBUG;
				SWIFT_OPTIMIZATION_LEVEL = "-Onone";
			};
			name = Debug;
		};
		5A30629A205B019600B49000 /* Release */ = {
			isa = XCBuildConfiguration;
			buildSettings = {
				ALWAYS_SEARCH_USER_PATHS = NO;
				CLANG_ANALYZER_NONNULL = YES;
				CLANG_ANALYZER_NUMBER_OBJECT_CONVERSION = YES_AGGRESSIVE;
				CLANG_CXX_LANGUAGE_STANDARD = "gnu++14";
				CLANG_CXX_LIBRARY = "libc++";
				CLANG_ENABLE_MODULES = YES;
				CLANG_ENABLE_OBJC_ARC = YES;
				CLANG_WARN_BLOCK_CAPTURE_AUTORELEASING = YES;
				CLANG_WARN_BOOL_CONVERSION = YES;
				CLANG_WARN_COMMA = YES;
				CLANG_WARN_CONSTANT_CONVERSION = YES;
				CLANG_WARN_DIRECT_OBJC_ISA_USAGE = YES_ERROR;
				CLANG_WARN_DOCUMENTATION_COMMENTS = YES;
				CLANG_WARN_EMPTY_BODY = YES;
				CLANG_WARN_ENUM_CONVERSION = YES;
				CLANG_WARN_INFINITE_RECURSION = YES;
				CLANG_WARN_INT_CONVERSION = YES;
				CLANG_WARN_NON_LITERAL_NULL_CONVERSION = YES;
				CLANG_WARN_OBJC_LITERAL_CONVERSION = YES;
				CLANG_WARN_OBJC_ROOT_CLASS = YES_ERROR;
				CLANG_WARN_RANGE_LOOP_ANALYSIS = YES;
				CLANG_WARN_STRICT_PROTOTYPES = YES;
				CLANG_WARN_SUSPICIOUS_MOVE = YES;
				CLANG_WARN_UNGUARDED_AVAILABILITY = YES_AGGRESSIVE;
				CLANG_WARN_UNREACHABLE_CODE = YES;
				CLANG_WARN__DUPLICATE_METHOD_MATCH = YES;
				CODE_SIGN_IDENTITY = "iPhone Developer";
				COPY_PHASE_STRIP = NO;
				DEBUG_INFORMATION_FORMAT = "dwarf-with-dsym";
				ENABLE_NS_ASSERTIONS = NO;
				ENABLE_STRICT_OBJC_MSGSEND = YES;
				GCC_C_LANGUAGE_STANDARD = gnu11;
				GCC_NO_COMMON_BLOCKS = YES;
				GCC_WARN_64_TO_32_BIT_CONVERSION = YES;
				GCC_WARN_ABOUT_RETURN_TYPE = YES_ERROR;
				GCC_WARN_UNDECLARED_SELECTOR = YES;
				GCC_WARN_UNINITIALIZED_AUTOS = YES_AGGRESSIVE;
				GCC_WARN_UNUSED_FUNCTION = YES;
				GCC_WARN_UNUSED_VARIABLE = YES;
				IPHONEOS_DEPLOYMENT_TARGET = 11.2;
				MTL_ENABLE_DEBUG_INFO = NO;
				SDKROOT = iphoneos;
				SWIFT_OPTIMIZATION_LEVEL = "-Owholemodule";
				VALIDATE_PRODUCT = YES;
			};
			name = Release;
		};
		5A30629C205B019600B49000 /* Debug */ = {
			isa = XCBuildConfiguration;
			baseConfigurationReference = 2B38AE4901944B66C081388E /* Pods-project.debug.xcconfig */;
			buildSettings = {
				ASSETCATALOG_COMPILER_APPICON_NAME = AppIcon;
				CLANG_ENABLE_MODULES = YES;
				CODE_SIGN_STYLE = Automatic;
				DEVELOPMENT_TEAM = YSK34VW9NS;
				INFOPLIST_FILE = project/Info.plist;
				LD_RUNPATH_SEARCH_PATHS = "$(inherited) @executable_path/Frameworks";
				PRODUCT_BUNDLE_IDENTIFIER = com.lakshmatai.project;
				PRODUCT_NAME = "$(TARGET_NAME)";
				SWIFT_OBJC_BRIDGING_HEADER = "project/Supporting Files/project-Bridging-Header.h";
				SWIFT_OPTIMIZATION_LEVEL = "-Onone";
				SWIFT_VERSION = 4.0;
				TARGETED_DEVICE_FAMILY = "1,2";
			};
			name = Debug;
		};
		5A30629D205B019600B49000 /* Release */ = {
			isa = XCBuildConfiguration;
			baseConfigurationReference = 592E323E7003DAF7EA981283 /* Pods-project.release.xcconfig */;
			buildSettings = {
				ASSETCATALOG_COMPILER_APPICON_NAME = AppIcon;
				CLANG_ENABLE_MODULES = YES;
				CODE_SIGN_STYLE = Automatic;
				DEVELOPMENT_TEAM = YSK34VW9NS;
				INFOPLIST_FILE = project/Info.plist;
				LD_RUNPATH_SEARCH_PATHS = "$(inherited) @executable_path/Frameworks";
				PRODUCT_BUNDLE_IDENTIFIER = com.lakshmatai.project;
				PRODUCT_NAME = "$(TARGET_NAME)";
				SWIFT_OBJC_BRIDGING_HEADER = "project/Supporting Files/project-Bridging-Header.h";
				SWIFT_VERSION = 4.0;
				TARGETED_DEVICE_FAMILY = "1,2";
			};
			name = Release;
		};
/* End XCBuildConfiguration section */

/* Begin XCConfigurationList section */
		5A306284205B019600B49000 /* Build configuration list for PBXProject "project" */ = {
			isa = XCConfigurationList;
			buildConfigurations = (
				5A306299205B019600B49000 /* Debug */,
				5A30629A205B019600B49000 /* Release */,
			);
			defaultConfigurationIsVisible = 0;
			defaultConfigurationName = Release;
		};
		5A30629B205B019600B49000 /* Build configuration list for PBXNativeTarget "project" */ = {
			isa = XCConfigurationList;
			buildConfigurations = (
				5A30629C205B019600B49000 /* Debug */,
				5A30629D205B019600B49000 /* Release */,
			);
			defaultConfigurationIsVisible = 0;
			defaultConfigurationName = Release;
		};
/* End XCConfigurationList section */
	};
	rootObject = 5A306281205B019600B49000 /* Project object */;
}
